
Microsoft Visual Studio Solution File, Format Version 12.00
# Visual Studio Version 17
VisualStudioVersion = 17.7.34024.191
MinimumVisualStudioVersion = 10.0.40219.1
Project("{FAE04EC0-301F-11D3-BF4B-00C04F79EFBC}") = "NamespaceLibrary", "NamespaceLibrary\NamespaceLibrary.csproj", "{5A2AC09F-1778-405F-B322-1A61D7ED0DD9}"
EndProject
Project("{FAE04EC0-301F-11D3-BF4B-00C04F79EFBC}") = "ClientApp", "ClientApp\ClientApp.csproj", "{A035A206-DBC4-4462-9487-025384A7F5BF}"
EndProject
Global
	GlobalSection(SolutionConfigurationPlatforms) = preSolution
		Debug|Any CPU = Debug|Any CPU
		Release|Any CPU = Release|Any CPU
	EndGlobalSection
	GlobalSection(ProjectConfigurationPlatforms) = postSolution
		{5A2AC09F-1778-405F-B322-1A61D7ED0DD9}.Debug|Any CPU.ActiveCfg = Debug|Any CPU
		{5A2AC09F-1778-405F-B322-1A61D7ED0DD9}.Debug|Any CPU.Build.0 = Debug|Any CPU
		{5A2AC09F-1778-405F-B322-1A61D7ED0DD9}.Release|Any CPU.ActiveCfg = Release|Any CPU
		{5A2AC09F-1778-405F-B322-1A61D7ED0DD9}.Release|Any CPU.Build.0 = Release|Any CPU
		{A035A206-DBC4-4462-9487-025384A7F5BF}.Debug|Any CPU.ActiveCfg = Debug|Any CPU
		{A035A206-DBC4-4462-9487-025384A7F5BF}.Debug|Any CPU.Build.0 = Debug|Any CPU
		{A035A206-DBC4-4462-9487-025384A7F5BF}.Release|Any CPU.ActiveCfg = Release|Any CPU
		{A035A206-DBC4-4462-9487-025384A7F5BF}.Release|Any CPU.Build.0 = Release|Any CPU
	EndGlobalSection
	GlobalSection(SolutionProperties) = preSolution
		HideSolutionNode = FALSE
	EndGlobalSection
	GlobalSection(ExtensibilityGlobals) = postSolution
		SolutionGuid = {864E8DF9-7CEC-454D-9B84-6D96244B8151}
	EndGlobalSection
EndGlobal
