
Microsoft Visual Studio Solution File, Format Version 12.00
# Visual Studio Version 17
VisualStudioVersion = 17.7.34024.191
MinimumVisualStudioVersion = 10.0.40219.1
Project("{FAE04EC0-301F-11D3-BF4B-00C04F79EFBC}") = "PayRollApp.Entities", "PayRollApp.Entities\PayRollApp.Entities.csproj", "{95632268-334D-4DD7-8B18-F8339C8BEE54}"
EndProject
Project("{FAE04EC0-301F-11D3-BF4B-00C04F79EFBC}") = "PayRollApp.UserInterface", "PayRollApp.UserInterface\PayRollApp.UserInterface.csproj", "{09158432-BAF3-4A7D-B920-5ACFA0B1E41F}"
EndProject
Global
	GlobalSection(SolutionConfigurationPlatforms) = preSolution
		Debug|Any CPU = Debug|Any CPU
		Release|Any CPU = Release|Any CPU
	EndGlobalSection
	GlobalSection(ProjectConfigurationPlatforms) = postSolution
		{95632268-334D-4DD7-8B18-F8339C8BEE54}.Debug|Any CPU.ActiveCfg = Debug|Any CPU
		{95632268-334D-4DD7-8B18-F8339C8BEE54}.Debug|Any CPU.Build.0 = Debug|Any CPU
		{95632268-334D-4DD7-8B18-F8339C8BEE54}.Release|Any CPU.ActiveCfg = Release|Any CPU
		{95632268-334D-4DD7-8B18-F8339C8BEE54}.Release|Any CPU.Build.0 = Release|Any CPU
		{09158432-BAF3-4A7D-B920-5ACFA0B1E41F}.Debug|Any CPU.ActiveCfg = Debug|Any CPU
		{09158432-BAF3-4A7D-B920-5ACFA0B1E41F}.Debug|Any CPU.Build.0 = Debug|Any CPU
		{09158432-BAF3-4A7D-B920-5ACFA0B1E41F}.Release|Any CPU.ActiveCfg = Release|Any CPU
		{09158432-BAF3-4A7D-B920-5ACFA0B1E41F}.Release|Any CPU.Build.0 = Release|Any CPU
	EndGlobalSection
	GlobalSection(SolutionProperties) = preSolution
		HideSolutionNode = FALSE
	EndGlobalSection
	GlobalSection(ExtensibilityGlobals) = postSolution
		SolutionGuid = {4A67A17F-B820-43A6-BDE2-B0B3508C12C5}
	EndGlobalSection
EndGlobal
