
Microsoft Visual Studio Solution File, Format Version 12.00
# Visual Studio Version 17
VisualStudioVersion = 17.7.34024.191
MinimumVisualStudioVersion = 10.0.40219.1
Project("{FAE04EC0-301F-11D3-BF4B-00C04F79EFBC}") = "GenericDemo", "GenericDemo.csproj", "{3CC2D354-D1D3-49BA-9E39-29661F34D1D3}"
EndProject
Global
	GlobalSection(SolutionConfigurationPlatforms) = preSolution
		Debug|Any CPU = Debug|Any CPU
		Release|Any CPU = Release|Any CPU
	EndGlobalSection
	GlobalSection(ProjectConfigurationPlatforms) = postSolution
		{3CC2D354-D1D3-49BA-9E39-29661F34D1D3}.Debug|Any CPU.ActiveCfg = Debug|Any CPU
		{3CC2D354-D1D3-49BA-9E39-29661F34D1D3}.Debug|Any CPU.Build.0 = Debug|Any CPU
		{3CC2D354-D1D3-49BA-9E39-29661F34D1D3}.Release|Any CPU.ActiveCfg = Release|Any CPU
		{3CC2D354-D1D3-49BA-9E39-29661F34D1D3}.Release|Any CPU.Build.0 = Release|Any CPU
	EndGlobalSection
	GlobalSection(SolutionProperties) = preSolution
		HideSolutionNode = FALSE
	EndGlobalSection
	GlobalSection(ExtensibilityGlobals) = postSolution
		SolutionGuid = {E7CE0B5C-9176-4DCF-A761-02DB6AC3E8DB}
	EndGlobalSection
EndGlobal
