
Microsoft Visual Studio Solution File, Format Version 12.00
# Visual Studio Version 17
VisualStudioVersion = 17.7.34024.191
MinimumVisualStudioVersion = 10.0.40219.1
Project("{FAE04EC0-301F-11D3-BF4B-00C04F79EFBC}") = "NewFeaturesApp", "NewFeaturesApp.csproj", "{3079981F-D7CB-4B3C-B8BF-7F94EA20C53A}"
EndProject
Global
	GlobalSection(SolutionConfigurationPlatforms) = preSolution
		Debug|Any CPU = Debug|Any CPU
		Release|Any CPU = Release|Any CPU
	EndGlobalSection
	GlobalSection(ProjectConfigurationPlatforms) = postSolution
		{3079981F-D7CB-4B3C-B8BF-7F94EA20C53A}.Debug|Any CPU.ActiveCfg = Debug|Any CPU
		{3079981F-D7CB-4B3C-B8BF-7F94EA20C53A}.Debug|Any CPU.Build.0 = Debug|Any CPU
		{3079981F-D7CB-4B3C-B8BF-7F94EA20C53A}.Release|Any CPU.ActiveCfg = Release|Any CPU
		{3079981F-D7CB-4B3C-B8BF-7F94EA20C53A}.Release|Any CPU.Build.0 = Release|Any CPU
	EndGlobalSection
	GlobalSection(SolutionProperties) = preSolution
		HideSolutionNode = FALSE
	EndGlobalSection
	GlobalSection(ExtensibilityGlobals) = postSolution
		SolutionGuid = {B2228E8F-F4C8-4AF7-8B06-18189A163E79}
	EndGlobalSection
EndGlobal
