
Microsoft Visual Studio Solution File, Format Version 12.00
# Visual Studio Version 17
VisualStudioVersion = 17.7.34024.191
MinimumVisualStudioVersion = 10.0.40219.1
Project("{FAE04EC0-301F-11D3-BF4B-00C04F79EFBC}") = "HelloWorldApp", "HelloWorldApp.csproj", "{E6A445A1-875C-440E-BF9C-1746775E4FC4}"
EndProject
Project("{FAE04EC0-301F-11D3-BF4B-00C04F79EFBC}") = "WelcomeLibrary", "..\WelcomeLibrary\WelcomeLibrary.csproj", "{C87F99AB-66C3-43FA-BAAB-6D5934BA5B06}"
EndProject
Global
	GlobalSection(SolutionConfigurationPlatforms) = preSolution
		Debug|Any CPU = Debug|Any CPU
		Release|Any CPU = Release|Any CPU
	EndGlobalSection
	GlobalSection(ProjectConfigurationPlatforms) = postSolution
		{E6A445A1-875C-440E-BF9C-1746775E4FC4}.Debug|Any CPU.ActiveCfg = Debug|Any CPU
		{E6A445A1-875C-440E-BF9C-1746775E4FC4}.Debug|Any CPU.Build.0 = Debug|Any CPU
		{E6A445A1-875C-440E-BF9C-1746775E4FC4}.Release|Any CPU.ActiveCfg = Release|Any CPU
		{E6A445A1-875C-440E-BF9C-1746775E4FC4}.Release|Any CPU.Build.0 = Release|Any CPU
		{C87F99AB-66C3-43FA-BAAB-6D5934BA5B06}.Debug|Any CPU.ActiveCfg = Debug|Any CPU
		{C87F99AB-66C3-43FA-BAAB-6D5934BA5B06}.Debug|Any CPU.Build.0 = Debug|Any CPU
		{C87F99AB-66C3-43FA-BAAB-6D5934BA5B06}.Release|Any CPU.ActiveCfg = Release|Any CPU
		{C87F99AB-66C3-43FA-BAAB-6D5934BA5B06}.Release|Any CPU.Build.0 = Release|Any CPU
	EndGlobalSection
	GlobalSection(SolutionProperties) = preSolution
		HideSolutionNode = FALSE
	EndGlobalSection
	GlobalSection(ExtensibilityGlobals) = postSolution
		SolutionGuid = {6AEC477B-C0E6-4154-A77E-C2B2B7215F15}
	EndGlobalSection
EndGlobal
